
Microsoft Visual Studio Solution File, Format Version 12.00
# Visual Studio Version 17
VisualStudioVersion = 17.7.34221.43
MinimumVisualStudioVersion = 10.0.40219.1
Project("{FAE04EC0-301F-11D3-BF4B-00C04F79EFBC}") = "SistemaCadastro", "SistemaCadastro\SistemaCadastro.csproj", "{9BB9252D-37CF-4764-8EC3-897691ACF2E5}"
EndProject
Global
	GlobalSection(SolutionConfigurationPlatforms) = preSolution
		Debug|Any CPU = Debug|Any CPU
		Release|Any CPU = Release|Any CPU
	EndGlobalSection
	GlobalSection(ProjectConfigurationPlatforms) = postSolution
		{9BB9252D-37CF-4764-8EC3-897691ACF2E5}.Debug|Any CPU.ActiveCfg = Debug|Any CPU
		{9BB9252D-37CF-4764-8EC3-897691ACF2E5}.Debug|Any CPU.Build.0 = Debug|Any CPU
		{9BB9252D-37CF-4764-8EC3-897691ACF2E5}.Release|Any CPU.ActiveCfg = Release|Any CPU
		{9BB9252D-37CF-4764-8EC3-897691ACF2E5}.Release|Any CPU.Build.0 = Release|Any CPU
	EndGlobalSection
	GlobalSection(SolutionProperties) = preSolution
		HideSolutionNode = FALSE
	EndGlobalSection
	GlobalSection(ExtensibilityGlobals) = postSolution
		SolutionGuid = {9B93F8E4-2857-420E-AFC3-983D5BAA9B32}
	EndGlobalSection
EndGlobal
